
Microsoft Visual Studio Solution File, Format Version 12.00
# Visual Studio Version 17
VisualStudioVersion = 17.7.34031.279
MinimumVisualStudioVersion = 10.0.40219.1
Project("{FAE04EC0-301F-11D3-BF4B-00C04F79EFBC}") = "Injectest", "Injectest\Injectest.csproj", "{7A5CA64B-4850-45BC-8FF3-28E3D909E73D}"
EndProject
Global
	GlobalSection(SolutionConfigurationPlatforms) = preSolution
		Debug|Any CPU = Debug|Any CPU
		Release|Any CPU = Release|Any CPU
	EndGlobalSection
	GlobalSection(ProjectConfigurationPlatforms) = postSolution
		{7A5CA64B-4850-45BC-8FF3-28E3D909E73D}.Debug|Any CPU.ActiveCfg = Debug|Any CPU
		{7A5CA64B-4850-45BC-8FF3-28E3D909E73D}.Debug|Any CPU.Build.0 = Debug|Any CPU
		{7A5CA64B-4850-45BC-8FF3-28E3D909E73D}.Release|Any CPU.ActiveCfg = Release|Any CPU
		{7A5CA64B-4850-45BC-8FF3-28E3D909E73D}.Release|Any CPU.Build.0 = Release|Any CPU
	EndGlobalSection
	GlobalSection(SolutionProperties) = preSolution
		HideSolutionNode = FALSE
	EndGlobalSection
	GlobalSection(ExtensibilityGlobals) = postSolution
		SolutionGuid = {4F912209-BD3C-482A-B5AD-3AB8FCCE0F8A}
	EndGlobalSection
EndGlobal
